
Microsoft Visual Studio Solution File, Format Version 12.00
# Visual Studio Version 16
VisualStudioVersion = 16.0.33027.164
MinimumVisualStudioVersion = 10.0.40219.1
Project("{FAE04EC0-301F-11D3-BF4B-00C04F79EFBC}") = "EBillApp", "EBillApp\EBillApp.csproj", "{3C337D60-2418-474E-A3BC-D9CBA8E3F2FB}"
EndProject
Global
	GlobalSection(SolutionConfigurationPlatforms) = preSolution
		Debug|Any CPU = Debug|Any CPU
		Release|Any CPU = Release|Any CPU
	EndGlobalSection
	GlobalSection(ProjectConfigurationPlatforms) = postSolution
		{3C337D60-2418-474E-A3BC-D9CBA8E3F2FB}.Debug|Any CPU.ActiveCfg = Debug|Any CPU
		{3C337D60-2418-474E-A3BC-D9CBA8E3F2FB}.Debug|Any CPU.Build.0 = Debug|Any CPU
		{3C337D60-2418-474E-A3BC-D9CBA8E3F2FB}.Release|Any CPU.ActiveCfg = Release|Any CPU
		{3C337D60-2418-474E-A3BC-D9CBA8E3F2FB}.Release|Any CPU.Build.0 = Release|Any CPU
	EndGlobalSection
	GlobalSection(SolutionProperties) = preSolution
		HideSolutionNode = FALSE
	EndGlobalSection
	GlobalSection(ExtensibilityGlobals) = postSolution
		SolutionGuid = {FD703D6C-F35A-4F15-9410-1EAFC7ABD663}
	EndGlobalSection
EndGlobal
